// !$*UTF8*$!
{
	archiveVersion = 1;
	classes = {
	};
	objectVersion = 46;
	objects = {

/* Begin PBXBuildFile section */
		A622DC201EABC76B005A9F1C /* dynamicArray.c in Sources */ = {isa = PBXBuildFile; fileRef = A622DC1B1EABC76B005A9F1C /* dynamicArray.c */; };
		A65CD5921EAC1B0D00C42544 /* testDynArray.c in Sources */ = {isa = PBXBuildFile; fileRef = A622DC1A1EABC76B005A9F1C /* testDynArray.c */; };
/* End PBXBuildFile section */

/* Begin PBXCopyFilesBuildPhase section */
		A622DC041EABC6B9005A9F1C /* CopyFiles */ = {
			isa = PBXCopyFilesBuildPhase;
			buildActionMask = 2147483647;
			dstPath = /usr/share/man/man1/;
			dstSubfolderSpec = 0;
			files = (
			);
			runOnlyForDeploymentPostprocessing = 1;
		};
/* End PBXCopyFilesBuildPhase section */

/* Begin PBXFileReference section */
		A622DC061EABC6B9005A9F1C /* cs261_assignment_2 */ = {isa = PBXFileReference; explicitFileType = "compiled.mach-o.executable"; includeInIndex = 0; path = cs261_assignment_2; sourceTree = BUILT_PRODUCTS_DIR; };
		A622DC1A1EABC76B005A9F1C /* testDynArray.c */ = {isa = PBXFileReference; fileEncoding = 4; lastKnownFileType = sourcecode.c.c; path = testDynArray.c; sourceTree = "<group>"; };
		A622DC1B1EABC76B005A9F1C /* dynamicArray.c */ = {isa = PBXFileReference; fileEncoding = 4; lastKnownFileType = sourcecode.c.c; path = dynamicArray.c; sourceTree = "<group>"; };
		A622DC1C1EABC76B005A9F1C /* dynArray.h */ = {isa = PBXFileReference; fileEncoding = 4; lastKnownFileType = sourcecode.c.h; path = dynArray.h; sourceTree = "<group>"; };
		A65CD5861EABEF8700C42544 /* stackapp.c */ = {isa = PBXFileReference; fileEncoding = 4; lastKnownFileType = sourcecode.c.c; path = stackapp.c; sourceTree = "<group>"; };
		A65CD5931EAC217E00C42544 /* makefile */ = {isa = PBXFileReference; fileEncoding = 4; lastKnownFileType = sourcecode.make; path = makefile; sourceTree = "<group>"; };
/* End PBXFileReference section */

/* Begin PBXFrameworksBuildPhase section */
		A622DC031EABC6B9005A9F1C /* Frameworks */ = {
			isa = PBXFrameworksBuildPhase;
			buildActionMask = 2147483647;
			files = (
			);
			runOnlyForDeploymentPostprocessing = 0;
		};
/* End PBXFrameworksBuildPhase section */

/* Begin PBXGroup section */
		A622DBFD1EABC6B9005A9F1C = {
			isa = PBXGroup;
			children = (
				A622DC081EABC6B9005A9F1C /* cs261_assignment_2 */,
				A622DC071EABC6B9005A9F1C /* Products */,
			);
			sourceTree = "<group>";
		};
		A622DC071EABC6B9005A9F1C /* Products */ = {
			isa = PBXGroup;
			children = (
				A622DC061EABC6B9005A9F1C /* cs261_assignment_2 */,
			);
			name = Products;
			sourceTree = "<group>";
		};
		A622DC081EABC6B9005A9F1C /* cs261_assignment_2 */ = {
			isa = PBXGroup;
			children = (
				A622DC1A1EABC76B005A9F1C /* testDynArray.c */,
				A65CD5931EAC217E00C42544 /* makefile */,
				A622DC1B1EABC76B005A9F1C /* dynamicArray.c */,
				A622DC1C1EABC76B005A9F1C /* dynArray.h */,
				A65CD5861EABEF8700C42544 /* stackapp.c */,
			);
			path = cs261_assignment_2;
			sourceTree = "<group>";
		};
/* End PBXGroup section */

/* Begin PBXNativeTarget section */
		A622DC051EABC6B9005A9F1C /* cs261_assignment_2 */ = {
			isa = PBXNativeTarget;
			buildConfigurationList = A622DC0D1EABC6B9005A9F1C /* Build configuration list for PBXNativeTarget "cs261_assignment_2" */;
			buildPhases = (
				A622DC021EABC6B9005A9F1C /* Sources */,
				A622DC031EABC6B9005A9F1C /* Frameworks */,
				A622DC041EABC6B9005A9F1C /* CopyFiles */,
			);
			buildRules = (
			);
			dependencies = (
			);
			name = cs261_assignment_2;
			productName = cs261_assignment_2;
			productReference = A622DC061EABC6B9005A9F1C /* cs261_assignment_2 */;
			productType = "com.apple.product-type.tool";
		};
/* End PBXNativeTarget section */

/* Begin PBXProject section */
		A622DBFE1EABC6B9005A9F1C /* Project object */ = {
			isa = PBXProject;
			attributes = {
				LastUpgradeCheck = 0830;
				ORGANIZATIONNAME = "Benjamin Fondell";
				TargetAttributes = {
					A622DC051EABC6B9005A9F1C = {
						CreatedOnToolsVersion = 8.3.2;
						ProvisioningStyle = Automatic;
					};
				};
			};
			buildConfigurationList = A622DC011EABC6B9005A9F1C /* Build configuration list for PBXProject "cs261_assignment_2" */;
			compatibilityVersion = "Xcode 3.2";
			developmentRegion = English;
			hasScannedForEncodings = 0;
			knownRegions = (
				en,
			);
			mainGroup = A622DBFD1EABC6B9005A9F1C;
			productRefGroup = A622DC071EABC6B9005A9F1C /* Products */;
			projectDirPath = "";
			projectRoot = "";
			targets = (
				A622DC051EABC6B9005A9F1C /* cs261_assignment_2 */,
			);
		};
/* End PBXProject section */

/* Begin PBXSourcesBuildPhase section */
		A622DC021EABC6B9005A9F1C /* Sources */ = {
			isa = PBXSourcesBuildPhase;
			buildActionMask = 2147483647;
			files = (
				A622DC201EABC76B005A9F1C /* dynamicArray.c in Sources */,
				A65CD5921EAC1B0D00C42544 /* testDynArray.c in Sources */,
			);
			runOnlyForDeploymentPostprocessing = 0;
		};
/* End PBXSourcesBuildPhase section */

/* Begin XCBuildConfiguration section */
		A622DC0B1EABC6B9005A9F1C /* Debug */ = {
			isa = XCBuildConfiguration;
			buildSettings = {
				ALWAYS_SEARCH_USER_PATHS = NO;
				CLANG_ANALYZER_NONNULL = YES;
				CLANG_ANALYZER_NUMBER_OBJECT_CONVERSION = YES_AGGRESSIVE;
				CLANG_CXX_LANGUAGE_STANDARD = "gnu++0x";
				CLANG_CXX_LIBRARY = "libc++";
				CLANG_ENABLE_MODULES = YES;
				CLANG_ENABLE_OBJC_ARC = YES;
				CLANG_WARN_BOOL_CONVERSION = YES;
				CLANG_WARN_CONSTANT_CONVERSION = YES;
				CLANG_WARN_DIRECT_OBJC_ISA_USAGE = YES_ERROR;
				CLANG_WARN_DOCUMENTATION_COMMENTS = YES;
				CLANG_WARN_EMPTY_BODY = YES;
				CLANG_WARN_ENUM_CONVERSION = YES;
				CLANG_WARN_INFINITE_RECURSION = YES;
				CLANG_WARN_INT_CONVERSION = YES;
				CLANG_WARN_OBJC_ROOT_CLASS = YES_ERROR;
				CLANG_WARN_SUSPICIOUS_MOVE = YES;
				CLANG_WARN_UNREACHABLE_CODE = YES;
				CLANG_WARN__DUPLICATE_METHOD_MATCH = YES;
				CODE_SIGN_IDENTITY = "-";
				COPY_PHASE_STRIP = NO;
				DEBUG_INFORMATION_FORMAT = dwarf;
				ENABLE_STRICT_OBJC_MSGSEND = YES;
				ENABLE_TESTABILITY = YES;
				GCC_C_LANGUAGE_STANDARD = gnu99;
				GCC_DYNAMIC_NO_PIC = NO;
				GCC_NO_COMMON_BLOCKS = YES;
				GCC_OPTIMIZATION_LEVEL = 0;
				GCC_PREPROCESSOR_DEFINITIONS = (
					"DEBUG=1",
					"$(inherited)",
				);
				GCC_WARN_64_TO_32_BIT_CONVERSION = YES;
				GCC_WARN_ABOUT_RETURN_TYPE = YES_ERROR;
				GCC_WARN_UNDECLARED_SELECTOR = YES;
				GCC_WARN_UNINITIALIZED_AUTOS = YES_AGGRESSIVE;
				GCC_WARN_UNUSED_FUNCTION = YES;
				GCC_WARN_UNUSED_VARIABLE = YES;
				MACOSX_DEPLOYMENT_TARGET = 10.12;
				MTL_ENABLE_DEBUG_INFO = YES;
				ONLY_ACTIVE_ARCH = YES;
				SDKROOT = macosx;
			};
			name = Debug;
		};
		A622DC0C1EABC6B9005A9F1C /* Release */ = {
			isa = XCBuildConfiguration;
			buildSettings = {
				ALWAYS_SEARCH_USER_PATHS = NO;
				CLANG_ANALYZER_NONNULL = YES;
				CLANG_ANALYZER_NUMBER_OBJECT_CONVERSION = YES_AGGRESSIVE;
				CLANG_CXX_LANGUAGE_STANDARD = "gnu++0x";
				CLANG_CXX_LIBRARY = "libc++";
				CLANG_ENABLE_MODULES = YES;
				CLANG_ENABLE_OBJC_ARC = YES;
				CLANG_WARN_BOOL_CONVERSION = YES;
				CLANG_WARN_CONSTANT_CONVERSION = YES;
				CLANG_WARN_DIRECT_OBJC_ISA_USAGE = YES_ERROR;
				CLANG_WARN_DOCUMENTATION_COMMENTS = YES;
				CLANG_WARN_EMPTY_BODY = YES;
				CLANG_WARN_ENUM_CONVERSION = YES;
				CLANG_WARN_INFINITE_RECURSION = YES;
				CLANG_WARN_INT_CONVERSION = YES;
				CLANG_WARN_OBJC_ROOT_CLASS = YES_ERROR;
				CLANG_WARN_SUSPICIOUS_MOVE = YES;
				CLANG_WARN_UNREACHABLE_CODE = YES;
				CLANG_WARN__DUPLICATE_METHOD_MATCH = YES;
				CODE_SIGN_IDENTITY = "-";
				COPY_PHASE_STRIP = NO;
				DEBUG_INFORMATION_FORMAT = "dwarf-with-dsym";
				ENABLE_NS_ASSERTIONS = NO;
				ENABLE_STRICT_OBJC_MSGSEND = YES;
				GCC_C_LANGUAGE_STANDARD = gnu99;
				GCC_NO_COMMON_BLOCKS = YES;
				GCC_WARN_64_TO_32_BIT_CONVERSION = YES;
				GCC_WARN_ABOUT_RETURN_TYPE = YES_ERROR;
				GCC_WARN_UNDECLARED_SELECTOR = YES;
				GCC_WARN_UNINITIALIZED_AUTOS = YES_AGGRESSIVE;
				GCC_WARN_UNUSED_FUNCTION = YES;
				GCC_WARN_UNUSED_VARIABLE = YES;
				MACOSX_DEPLOYMENT_TARGET = 10.12;
				MTL_ENABLE_DEBUG_INFO = NO;
				SDKROOT = macosx;
			};
			name = Release;
		};
		A622DC0E1EABC6B9005A9F1C /* Debug */ = {
			isa = XCBuildConfiguration;
			buildSettings = {
				PRODUCT_NAME = "$(TARGET_NAME)";
			};
			name = Debug;
		};
		A622DC0F1EABC6B9005A9F1C /* Release */ = {
			isa = XCBuildConfiguration;
			buildSettings = {
				PRODUCT_NAME = "$(TARGET_NAME)";
			};
			name = Release;
		};
/* End XCBuildConfiguration section */

/* Begin XCConfigurationList section */
		A622DC011EABC6B9005A9F1C /* Build configuration list for PBXProject "cs261_assignment_2" */ = {
			isa = XCConfigurationList;
			buildConfigurations = (
				A622DC0B1EABC6B9005A9F1C /* Debug */,
				A622DC0C1EABC6B9005A9F1C /* Release */,
			);
			defaultConfigurationIsVisible = 0;
			defaultConfigurationName = Release;
		};
		A622DC0D1EABC6B9005A9F1C /* Build configuration list for PBXNativeTarget "cs261_assignment_2" */ = {
			isa = XCConfigurationList;
			buildConfigurations = (
				A622DC0E1EABC6B9005A9F1C /* Debug */,
				A622DC0F1EABC6B9005A9F1C /* Release */,
			);
			defaultConfigurationIsVisible = 0;
			defaultConfigurationName = Release;
		};
/* End XCConfigurationList section */
	};
	rootObject = A622DBFE1EABC6B9005A9F1C /* Project object */;
}
